
Microsoft Visual Studio Solution File, Format Version 12.00
Project("{2150E333-8FDC-42A3-9474-1A3956D46DE8}") = "HelloWorld", "HelloWorld", "{E988603F-CB55-4AB2-BF01-44840213BBEB}"
EndProject
Project("{2150E333-8FDC-42A3-9474-1A3956D46DE8}") = "WorkQueues", "WorkQueues", "{919DD198-E24D-4718-B53F-85EC6A316C03}"
EndProject
Project("{2150E333-8FDC-42A3-9474-1A3956D46DE8}") = "PublishSubscribe", "PublishSubscribe", "{E0E37F08-FE93-46E9-9678-609B20444917}"
EndProject
Project("{2150E333-8FDC-42A3-9474-1A3956D46DE8}") = "Routing", "Routing", "{8941BC93-FCB2-4D8F-9004-C78E5A4E8042}"
EndProject
Project("{2150E333-8FDC-42A3-9474-1A3956D46DE8}") = "Topics", "Topics", "{0CB14EDD-D515-49C9-B4A0-FC79BB2F0603}"
EndProject
Project("{2150E333-8FDC-42A3-9474-1A3956D46DE8}") = "Rpc", "Rpc", "{3004748D-78BF-415B-B7FA-CD8F65CB528C}"
EndProject
Project("{2150E333-8FDC-42A3-9474-1A3956D46DE8}") = "PublisherConfirms", "PublisherConfirms", "{DA1A9FD9-11F5-44DD-880A-E90ADED62152}"
EndProject
Project("{FAE04EC0-301F-11D3-BF4B-00C04F79EFBC}") = "RabbitMq.HelloWorld.Core", "HelloWorld\RabbitMq.HelloWorld.Core\RabbitMq.HelloWorld.Core.csproj", "{F52CA691-EEAD-438E-9737-DE4C2BA3C6FC}"
EndProject
Project("{FAE04EC0-301F-11D3-BF4B-00C04F79EFBC}") = "RabbitMq.HelloWorld.DemoReceiver", "HelloWorld\RabbitMq.HelloWorld.DemoReceiver\RabbitMq.HelloWorld.DemoReceiver.csproj", "{C852D0C7-F319-4CD0-8226-DE6A4B98C957}"
EndProject
Project("{FAE04EC0-301F-11D3-BF4B-00C04F79EFBC}") = "RabbitMq.HelloWorld.DemoSender", "HelloWorld\RabbitMq.HelloWorld.DemoSender\RabbitMq.HelloWorld.DemoSender.csproj", "{32AF24F1-9B3A-4641-B87E-6A3701D58E11}"
EndProject
Project("{FAE04EC0-301F-11D3-BF4B-00C04F79EFBC}") = "RabbitMq.WorkQueues.Core", "WorkQueues\RabbitMq.WorkQueues.Core\RabbitMq.WorkQueues.Core.csproj", "{66DE649B-4A8D-43A1-9D20-1BA7BF8EFA31}"
EndProject
Project("{FAE04EC0-301F-11D3-BF4B-00C04F79EFBC}") = "RabbitMq.WorkQueues.DemoReceiver", "WorkQueues\RabbitMq.WorkQueues.DemoReceiver\RabbitMq.WorkQueues.DemoReceiver.csproj", "{A5EFAA67-AEEE-446E-8200-00F666515892}"
EndProject
Project("{FAE04EC0-301F-11D3-BF4B-00C04F79EFBC}") = "RabbitMq.WorkQueues.DemoSender", "WorkQueues\RabbitMq.WorkQueues.DemoSender\RabbitMq.WorkQueues.DemoSender.csproj", "{A6CB60CC-8D90-43F0-925C-E3EECB19A969}"
EndProject
Project("{FAE04EC0-301F-11D3-BF4B-00C04F79EFBC}") = "RabbitMq.PublishSubscribe.Core", "PublishSubscribe\RabbitMq.PublishSubscribe.Core\RabbitMq.PublishSubscribe.Core.csproj", "{F34B9229-C1D3-4B7D-ABA6-A3998E5DFC86}"
EndProject
Project("{FAE04EC0-301F-11D3-BF4B-00C04F79EFBC}") = "RabbitMq.PublishSubscribe.DemoReceiver", "PublishSubscribe\RabbitMq.PublishSubscribe.DemoReceiver\RabbitMq.PublishSubscribe.DemoReceiver.csproj", "{79BD0D53-48A4-4642-ACA8-9ECB4D237FD1}"
EndProject
Project("{FAE04EC0-301F-11D3-BF4B-00C04F79EFBC}") = "RabbitMq.PublishSubscribe.DemoSender", "PublishSubscribe\RabbitMq.PublishSubscribe.DemoSender\RabbitMq.PublishSubscribe.DemoSender.csproj", "{12D41321-7F56-40C3-B58C-A99923505684}"
EndProject
Project("{FAE04EC0-301F-11D3-BF4B-00C04F79EFBC}") = "RabbitMq.Routing.Core", "Routing\RabbitMq.Routing.Core\RabbitMq.Routing.Core.csproj", "{7A901CF0-570F-422C-B6A2-709B8030A0EE}"
EndProject
Project("{FAE04EC0-301F-11D3-BF4B-00C04F79EFBC}") = "RabbitMq.Routing.DemoReceiver", "Routing\RabbitMq.Routing.DemoReceiver\RabbitMq.Routing.DemoReceiver.csproj", "{3F69A271-63B9-4711-B4E0-3125E0982DFE}"
EndProject
Project("{FAE04EC0-301F-11D3-BF4B-00C04F79EFBC}") = "RabbitMq.Routing.DemoSender", "Routing\RabbitMq.Routing.DemoSender\RabbitMq.Routing.DemoSender.csproj", "{EAB61743-B97F-416B-9086-B04777ACDDFE}"
EndProject
Project("{FAE04EC0-301F-11D3-BF4B-00C04F79EFBC}") = "RabbitMq.Topics.Core", "Topics\RabbitMq.Topics.Core\RabbitMq.Topics.Core.csproj", "{226F163F-0B38-4A86-AA09-3E13A6B8FB46}"
EndProject
Project("{FAE04EC0-301F-11D3-BF4B-00C04F79EFBC}") = "RabbitMq.Topics.DemoReceiver", "Topics\RabbitMq.Topics.DemoReceiver\RabbitMq.Topics.DemoReceiver.csproj", "{47EDBECB-B0BB-4395-96D3-FE6733317FF2}"
EndProject
Project("{FAE04EC0-301F-11D3-BF4B-00C04F79EFBC}") = "RabbitMq.Topics.DemoSender", "Topics\RabbitMq.Topics.DemoSender\RabbitMq.Topics.DemoSender.csproj", "{75B1BF38-8034-4246-A1F8-2CB0C2375DA7}"
EndProject
Project("{FAE04EC0-301F-11D3-BF4B-00C04F79EFBC}") = "RabbitMq.Rpc.Core", "Rpc\RabbitMq.Rpc.Core\RabbitMq.Rpc.Core.csproj", "{9AE61F0E-3BA8-4C71-90E2-A11416048B63}"
EndProject
Project("{FAE04EC0-301F-11D3-BF4B-00C04F79EFBC}") = "RabbitMq.Rpc.DemoClient", "Rpc\RabbitMq.Rpc.DemoClient\RabbitMq.Rpc.DemoClient.csproj", "{0E6AE99B-B7BD-4E10-A6CD-63022F1C7E6E}"
EndProject
Project("{FAE04EC0-301F-11D3-BF4B-00C04F79EFBC}") = "RabbitMq.Rpc.DemoServer", "Rpc\RabbitMq.Rpc.DemoServer\RabbitMq.Rpc.DemoServer.csproj", "{A76A098E-2BCE-4B49-890D-CCACF0F68311}"
EndProject
Project("{FAE04EC0-301F-11D3-BF4B-00C04F79EFBC}") = "RabbitMq.PublisherConfirms.Core", "RabbitMq.PublisherConfirms.Core\RabbitMq.PublisherConfirms.Core.csproj", "{F49844C2-D57B-4504-A256-49966ED4F84C}"
EndProject
Project("{FAE04EC0-301F-11D3-BF4B-00C04F79EFBC}") = "RabbitMq.PublisherConfirms.DemoReceiver", "RabbitMq.PublisherConfirms.DemoReceiver\RabbitMq.PublisherConfirms.DemoReceiver.csproj", "{BBAB2C0D-414F-4747-8C7E-59D91F700BA9}"
EndProject
Project("{FAE04EC0-301F-11D3-BF4B-00C04F79EFBC}") = "RabbitMq.PublisherConfirms.DemoSender", "RabbitMq.PublisherConfirms.DemoSender\RabbitMq.PublisherConfirms.DemoSender.csproj", "{7CDAF975-D32D-45D9-A715-F5A15D3A2E8A}"
EndProject
Global
	GlobalSection(SolutionConfigurationPlatforms) = preSolution
		Debug|Any CPU = Debug|Any CPU
		Release|Any CPU = Release|Any CPU
	EndGlobalSection
	GlobalSection(NestedProjects) = preSolution
		{F52CA691-EEAD-438E-9737-DE4C2BA3C6FC} = {E988603F-CB55-4AB2-BF01-44840213BBEB}
		{C852D0C7-F319-4CD0-8226-DE6A4B98C957} = {E988603F-CB55-4AB2-BF01-44840213BBEB}
		{32AF24F1-9B3A-4641-B87E-6A3701D58E11} = {E988603F-CB55-4AB2-BF01-44840213BBEB}
		{66DE649B-4A8D-43A1-9D20-1BA7BF8EFA31} = {919DD198-E24D-4718-B53F-85EC6A316C03}
		{A5EFAA67-AEEE-446E-8200-00F666515892} = {919DD198-E24D-4718-B53F-85EC6A316C03}
		{A6CB60CC-8D90-43F0-925C-E3EECB19A969} = {919DD198-E24D-4718-B53F-85EC6A316C03}
		{F34B9229-C1D3-4B7D-ABA6-A3998E5DFC86} = {E0E37F08-FE93-46E9-9678-609B20444917}
		{79BD0D53-48A4-4642-ACA8-9ECB4D237FD1} = {E0E37F08-FE93-46E9-9678-609B20444917}
		{12D41321-7F56-40C3-B58C-A99923505684} = {E0E37F08-FE93-46E9-9678-609B20444917}
		{7A901CF0-570F-422C-B6A2-709B8030A0EE} = {8941BC93-FCB2-4D8F-9004-C78E5A4E8042}
		{3F69A271-63B9-4711-B4E0-3125E0982DFE} = {8941BC93-FCB2-4D8F-9004-C78E5A4E8042}
		{EAB61743-B97F-416B-9086-B04777ACDDFE} = {8941BC93-FCB2-4D8F-9004-C78E5A4E8042}
		{226F163F-0B38-4A86-AA09-3E13A6B8FB46} = {0CB14EDD-D515-49C9-B4A0-FC79BB2F0603}
		{47EDBECB-B0BB-4395-96D3-FE6733317FF2} = {0CB14EDD-D515-49C9-B4A0-FC79BB2F0603}
		{75B1BF38-8034-4246-A1F8-2CB0C2375DA7} = {0CB14EDD-D515-49C9-B4A0-FC79BB2F0603}
		{9AE61F0E-3BA8-4C71-90E2-A11416048B63} = {3004748D-78BF-415B-B7FA-CD8F65CB528C}
		{0E6AE99B-B7BD-4E10-A6CD-63022F1C7E6E} = {3004748D-78BF-415B-B7FA-CD8F65CB528C}
		{A76A098E-2BCE-4B49-890D-CCACF0F68311} = {3004748D-78BF-415B-B7FA-CD8F65CB528C}
		{F49844C2-D57B-4504-A256-49966ED4F84C} = {DA1A9FD9-11F5-44DD-880A-E90ADED62152}
		{BBAB2C0D-414F-4747-8C7E-59D91F700BA9} = {DA1A9FD9-11F5-44DD-880A-E90ADED62152}
		{7CDAF975-D32D-45D9-A715-F5A15D3A2E8A} = {DA1A9FD9-11F5-44DD-880A-E90ADED62152}
	EndGlobalSection
	GlobalSection(ProjectConfigurationPlatforms) = postSolution
		{F52CA691-EEAD-438E-9737-DE4C2BA3C6FC}.Debug|Any CPU.ActiveCfg = Debug|Any CPU
		{F52CA691-EEAD-438E-9737-DE4C2BA3C6FC}.Debug|Any CPU.Build.0 = Debug|Any CPU
		{F52CA691-EEAD-438E-9737-DE4C2BA3C6FC}.Release|Any CPU.ActiveCfg = Release|Any CPU
		{F52CA691-EEAD-438E-9737-DE4C2BA3C6FC}.Release|Any CPU.Build.0 = Release|Any CPU
		{C852D0C7-F319-4CD0-8226-DE6A4B98C957}.Debug|Any CPU.ActiveCfg = Debug|Any CPU
		{C852D0C7-F319-4CD0-8226-DE6A4B98C957}.Debug|Any CPU.Build.0 = Debug|Any CPU
		{C852D0C7-F319-4CD0-8226-DE6A4B98C957}.Release|Any CPU.ActiveCfg = Release|Any CPU
		{C852D0C7-F319-4CD0-8226-DE6A4B98C957}.Release|Any CPU.Build.0 = Release|Any CPU
		{32AF24F1-9B3A-4641-B87E-6A3701D58E11}.Debug|Any CPU.ActiveCfg = Debug|Any CPU
		{32AF24F1-9B3A-4641-B87E-6A3701D58E11}.Debug|Any CPU.Build.0 = Debug|Any CPU
		{32AF24F1-9B3A-4641-B87E-6A3701D58E11}.Release|Any CPU.ActiveCfg = Release|Any CPU
		{32AF24F1-9B3A-4641-B87E-6A3701D58E11}.Release|Any CPU.Build.0 = Release|Any CPU
		{66DE649B-4A8D-43A1-9D20-1BA7BF8EFA31}.Debug|Any CPU.ActiveCfg = Debug|Any CPU
		{66DE649B-4A8D-43A1-9D20-1BA7BF8EFA31}.Debug|Any CPU.Build.0 = Debug|Any CPU
		{66DE649B-4A8D-43A1-9D20-1BA7BF8EFA31}.Release|Any CPU.ActiveCfg = Release|Any CPU
		{66DE649B-4A8D-43A1-9D20-1BA7BF8EFA31}.Release|Any CPU.Build.0 = Release|Any CPU
		{A5EFAA67-AEEE-446E-8200-00F666515892}.Debug|Any CPU.ActiveCfg = Debug|Any CPU
		{A5EFAA67-AEEE-446E-8200-00F666515892}.Debug|Any CPU.Build.0 = Debug|Any CPU
		{A5EFAA67-AEEE-446E-8200-00F666515892}.Release|Any CPU.ActiveCfg = Release|Any CPU
		{A5EFAA67-AEEE-446E-8200-00F666515892}.Release|Any CPU.Build.0 = Release|Any CPU
		{A6CB60CC-8D90-43F0-925C-E3EECB19A969}.Debug|Any CPU.ActiveCfg = Debug|Any CPU
		{A6CB60CC-8D90-43F0-925C-E3EECB19A969}.Debug|Any CPU.Build.0 = Debug|Any CPU
		{A6CB60CC-8D90-43F0-925C-E3EECB19A969}.Release|Any CPU.ActiveCfg = Release|Any CPU
		{A6CB60CC-8D90-43F0-925C-E3EECB19A969}.Release|Any CPU.Build.0 = Release|Any CPU
		{F34B9229-C1D3-4B7D-ABA6-A3998E5DFC86}.Debug|Any CPU.ActiveCfg = Debug|Any CPU
		{F34B9229-C1D3-4B7D-ABA6-A3998E5DFC86}.Debug|Any CPU.Build.0 = Debug|Any CPU
		{F34B9229-C1D3-4B7D-ABA6-A3998E5DFC86}.Release|Any CPU.ActiveCfg = Release|Any CPU
		{F34B9229-C1D3-4B7D-ABA6-A3998E5DFC86}.Release|Any CPU.Build.0 = Release|Any CPU
		{79BD0D53-48A4-4642-ACA8-9ECB4D237FD1}.Debug|Any CPU.ActiveCfg = Debug|Any CPU
		{79BD0D53-48A4-4642-ACA8-9ECB4D237FD1}.Debug|Any CPU.Build.0 = Debug|Any CPU
		{79BD0D53-48A4-4642-ACA8-9ECB4D237FD1}.Release|Any CPU.ActiveCfg = Release|Any CPU
		{79BD0D53-48A4-4642-ACA8-9ECB4D237FD1}.Release|Any CPU.Build.0 = Release|Any CPU
		{12D41321-7F56-40C3-B58C-A99923505684}.Debug|Any CPU.ActiveCfg = Debug|Any CPU
		{12D41321-7F56-40C3-B58C-A99923505684}.Debug|Any CPU.Build.0 = Debug|Any CPU
		{12D41321-7F56-40C3-B58C-A99923505684}.Release|Any CPU.ActiveCfg = Release|Any CPU
		{12D41321-7F56-40C3-B58C-A99923505684}.Release|Any CPU.Build.0 = Release|Any CPU
		{7A901CF0-570F-422C-B6A2-709B8030A0EE}.Debug|Any CPU.ActiveCfg = Debug|Any CPU
		{7A901CF0-570F-422C-B6A2-709B8030A0EE}.Debug|Any CPU.Build.0 = Debug|Any CPU
		{7A901CF0-570F-422C-B6A2-709B8030A0EE}.Release|Any CPU.ActiveCfg = Release|Any CPU
		{7A901CF0-570F-422C-B6A2-709B8030A0EE}.Release|Any CPU.Build.0 = Release|Any CPU
		{3F69A271-63B9-4711-B4E0-3125E0982DFE}.Debug|Any CPU.ActiveCfg = Debug|Any CPU
		{3F69A271-63B9-4711-B4E0-3125E0982DFE}.Debug|Any CPU.Build.0 = Debug|Any CPU
		{3F69A271-63B9-4711-B4E0-3125E0982DFE}.Release|Any CPU.ActiveCfg = Release|Any CPU
		{3F69A271-63B9-4711-B4E0-3125E0982DFE}.Release|Any CPU.Build.0 = Release|Any CPU
		{EAB61743-B97F-416B-9086-B04777ACDDFE}.Debug|Any CPU.ActiveCfg = Debug|Any CPU
		{EAB61743-B97F-416B-9086-B04777ACDDFE}.Debug|Any CPU.Build.0 = Debug|Any CPU
		{EAB61743-B97F-416B-9086-B04777ACDDFE}.Release|Any CPU.ActiveCfg = Release|Any CPU
		{EAB61743-B97F-416B-9086-B04777ACDDFE}.Release|Any CPU.Build.0 = Release|Any CPU
		{226F163F-0B38-4A86-AA09-3E13A6B8FB46}.Debug|Any CPU.ActiveCfg = Debug|Any CPU
		{226F163F-0B38-4A86-AA09-3E13A6B8FB46}.Debug|Any CPU.Build.0 = Debug|Any CPU
		{226F163F-0B38-4A86-AA09-3E13A6B8FB46}.Release|Any CPU.ActiveCfg = Release|Any CPU
		{226F163F-0B38-4A86-AA09-3E13A6B8FB46}.Release|Any CPU.Build.0 = Release|Any CPU
		{47EDBECB-B0BB-4395-96D3-FE6733317FF2}.Debug|Any CPU.ActiveCfg = Debug|Any CPU
		{47EDBECB-B0BB-4395-96D3-FE6733317FF2}.Debug|Any CPU.Build.0 = Debug|Any CPU
		{47EDBECB-B0BB-4395-96D3-FE6733317FF2}.Release|Any CPU.ActiveCfg = Release|Any CPU
		{47EDBECB-B0BB-4395-96D3-FE6733317FF2}.Release|Any CPU.Build.0 = Release|Any CPU
		{75B1BF38-8034-4246-A1F8-2CB0C2375DA7}.Debug|Any CPU.ActiveCfg = Debug|Any CPU
		{75B1BF38-8034-4246-A1F8-2CB0C2375DA7}.Debug|Any CPU.Build.0 = Debug|Any CPU
		{75B1BF38-8034-4246-A1F8-2CB0C2375DA7}.Release|Any CPU.ActiveCfg = Release|Any CPU
		{75B1BF38-8034-4246-A1F8-2CB0C2375DA7}.Release|Any CPU.Build.0 = Release|Any CPU
		{9AE61F0E-3BA8-4C71-90E2-A11416048B63}.Debug|Any CPU.ActiveCfg = Debug|Any CPU
		{9AE61F0E-3BA8-4C71-90E2-A11416048B63}.Debug|Any CPU.Build.0 = Debug|Any CPU
		{9AE61F0E-3BA8-4C71-90E2-A11416048B63}.Release|Any CPU.ActiveCfg = Release|Any CPU
		{9AE61F0E-3BA8-4C71-90E2-A11416048B63}.Release|Any CPU.Build.0 = Release|Any CPU
		{0E6AE99B-B7BD-4E10-A6CD-63022F1C7E6E}.Debug|Any CPU.ActiveCfg = Debug|Any CPU
		{0E6AE99B-B7BD-4E10-A6CD-63022F1C7E6E}.Debug|Any CPU.Build.0 = Debug|Any CPU
		{0E6AE99B-B7BD-4E10-A6CD-63022F1C7E6E}.Release|Any CPU.ActiveCfg = Release|Any CPU
		{0E6AE99B-B7BD-4E10-A6CD-63022F1C7E6E}.Release|Any CPU.Build.0 = Release|Any CPU
		{A76A098E-2BCE-4B49-890D-CCACF0F68311}.Debug|Any CPU.ActiveCfg = Debug|Any CPU
		{A76A098E-2BCE-4B49-890D-CCACF0F68311}.Debug|Any CPU.Build.0 = Debug|Any CPU
		{A76A098E-2BCE-4B49-890D-CCACF0F68311}.Release|Any CPU.ActiveCfg = Release|Any CPU
		{A76A098E-2BCE-4B49-890D-CCACF0F68311}.Release|Any CPU.Build.0 = Release|Any CPU
		{F49844C2-D57B-4504-A256-49966ED4F84C}.Debug|Any CPU.ActiveCfg = Debug|Any CPU
		{F49844C2-D57B-4504-A256-49966ED4F84C}.Debug|Any CPU.Build.0 = Debug|Any CPU
		{F49844C2-D57B-4504-A256-49966ED4F84C}.Release|Any CPU.ActiveCfg = Release|Any CPU
		{F49844C2-D57B-4504-A256-49966ED4F84C}.Release|Any CPU.Build.0 = Release|Any CPU
		{BBAB2C0D-414F-4747-8C7E-59D91F700BA9}.Debug|Any CPU.ActiveCfg = Debug|Any CPU
		{BBAB2C0D-414F-4747-8C7E-59D91F700BA9}.Debug|Any CPU.Build.0 = Debug|Any CPU
		{BBAB2C0D-414F-4747-8C7E-59D91F700BA9}.Release|Any CPU.ActiveCfg = Release|Any CPU
		{BBAB2C0D-414F-4747-8C7E-59D91F700BA9}.Release|Any CPU.Build.0 = Release|Any CPU
		{7CDAF975-D32D-45D9-A715-F5A15D3A2E8A}.Debug|Any CPU.ActiveCfg = Debug|Any CPU
		{7CDAF975-D32D-45D9-A715-F5A15D3A2E8A}.Debug|Any CPU.Build.0 = Debug|Any CPU
		{7CDAF975-D32D-45D9-A715-F5A15D3A2E8A}.Release|Any CPU.ActiveCfg = Release|Any CPU
		{7CDAF975-D32D-45D9-A715-F5A15D3A2E8A}.Release|Any CPU.Build.0 = Release|Any CPU
	EndGlobalSection
EndGlobal
